
Microsoft Visual Studio Solution File, Format Version 11.00
# Visual Studio 2010
Project("{FAE04EC0-301F-11D3-BF4B-00C04F79EFBC}") = "Comtex.Skyknight.Web", "Comtex.Skyknight.Web\Comtex.Skyknight.Web.csproj", "{ABAC024A-F626-4413-A135-EAB705F0995E}"
EndProject
Global
	GlobalSection(SolutionConfigurationPlatforms) = preSolution
		Debug|Any CPU = Debug|Any CPU
		Release|Any CPU = Release|Any CPU
	EndGlobalSection
	GlobalSection(ProjectConfigurationPlatforms) = postSolution
		{ABAC024A-F626-4413-A135-EAB705F0995E}.Debug|Any CPU.ActiveCfg = Debug|Any CPU
		{ABAC024A-F626-4413-A135-EAB705F0995E}.Debug|Any CPU.Build.0 = Debug|Any CPU
		{ABAC024A-F626-4413-A135-EAB705F0995E}.Release|Any CPU.ActiveCfg = Release|Any CPU
		{ABAC024A-F626-4413-A135-EAB705F0995E}.Release|Any CPU.Build.0 = Release|Any CPU
	EndGlobalSection
	GlobalSection(SolutionProperties) = preSolution
		HideSolutionNode = FALSE
	EndGlobalSection
EndGlobal
